
Microsoft Visual Studio Solution File, Format Version 11.00
# Visual Studio 2010
Project("{FAE04EC0-301F-11D3-BF4B-00C04F79EFBC}") = "LWP.Lib", "LWP.Lib\LWP.Lib.csproj", "{27BF8341-D35C-46C8-BAD7-E9B39A59A59A}"
EndProject
Project("{FAE04EC0-301F-11D3-BF4B-00C04F79EFBC}") = "LWP.Web", "LWP.Web\LWP.Web.csproj", "{D18EF213-57EE-4084-B630-26DDE1F462D0}"
EndProject
Project("{FAE04EC0-301F-11D3-BF4B-00C04F79EFBC}") = "LWP.WinForm", "LWP.WinForm\LWP.WinForm.csproj", "{457510CF-B0BD-4F99-9E9C-C5651455747B}"
EndProject
Project("{FAE04EC0-301F-11D3-BF4B-00C04F79EFBC}") = "LWP.Console", "LWP.Console\LWP.Console.csproj", "{16947D86-96E6-4D0B-8F9D-7311A1D6705D}"
EndProject
Project("{FAE04EC0-301F-11D3-BF4B-00C04F79EFBC}") = "LWP.5DModel", "LWP.5DModel\LWP.5DModel.csproj", "{C1DA9356-136F-4C0E-8380-5E6B22ED6244}"
EndProject
Global
	GlobalSection(SolutionConfigurationPlatforms) = preSolution
		Debug|Any CPU = Debug|Any CPU
		Debug|Mixed Platforms = Debug|Mixed Platforms
		Debug|x86 = Debug|x86
		Release|Any CPU = Release|Any CPU
		Release|Mixed Platforms = Release|Mixed Platforms
		Release|x86 = Release|x86
	EndGlobalSection
	GlobalSection(ProjectConfigurationPlatforms) = postSolution
		{27BF8341-D35C-46C8-BAD7-E9B39A59A59A}.Debug|Any CPU.ActiveCfg = Debug|Any CPU
		{27BF8341-D35C-46C8-BAD7-E9B39A59A59A}.Debug|Any CPU.Build.0 = Debug|Any CPU
		{27BF8341-D35C-46C8-BAD7-E9B39A59A59A}.Debug|Mixed Platforms.ActiveCfg = Debug|Any CPU
		{27BF8341-D35C-46C8-BAD7-E9B39A59A59A}.Debug|Mixed Platforms.Build.0 = Debug|Any CPU
		{27BF8341-D35C-46C8-BAD7-E9B39A59A59A}.Debug|x86.ActiveCfg = Debug|Any CPU
		{27BF8341-D35C-46C8-BAD7-E9B39A59A59A}.Release|Any CPU.ActiveCfg = Release|Any CPU
		{27BF8341-D35C-46C8-BAD7-E9B39A59A59A}.Release|Any CPU.Build.0 = Release|Any CPU
		{27BF8341-D35C-46C8-BAD7-E9B39A59A59A}.Release|Mixed Platforms.ActiveCfg = Release|Any CPU
		{27BF8341-D35C-46C8-BAD7-E9B39A59A59A}.Release|Mixed Platforms.Build.0 = Release|Any CPU
		{27BF8341-D35C-46C8-BAD7-E9B39A59A59A}.Release|x86.ActiveCfg = Release|Any CPU
		{D18EF213-57EE-4084-B630-26DDE1F462D0}.Debug|Any CPU.ActiveCfg = Debug|Any CPU
		{D18EF213-57EE-4084-B630-26DDE1F462D0}.Debug|Any CPU.Build.0 = Debug|Any CPU
		{D18EF213-57EE-4084-B630-26DDE1F462D0}.Debug|Mixed Platforms.ActiveCfg = Debug|Any CPU
		{D18EF213-57EE-4084-B630-26DDE1F462D0}.Debug|Mixed Platforms.Build.0 = Debug|Any CPU
		{D18EF213-57EE-4084-B630-26DDE1F462D0}.Debug|x86.ActiveCfg = Debug|Any CPU
		{D18EF213-57EE-4084-B630-26DDE1F462D0}.Release|Any CPU.ActiveCfg = Release|Any CPU
		{D18EF213-57EE-4084-B630-26DDE1F462D0}.Release|Any CPU.Build.0 = Release|Any CPU
		{D18EF213-57EE-4084-B630-26DDE1F462D0}.Release|Mixed Platforms.ActiveCfg = Release|Any CPU
		{D18EF213-57EE-4084-B630-26DDE1F462D0}.Release|Mixed Platforms.Build.0 = Release|Any CPU
		{D18EF213-57EE-4084-B630-26DDE1F462D0}.Release|x86.ActiveCfg = Release|Any CPU
		{457510CF-B0BD-4F99-9E9C-C5651455747B}.Debug|Any CPU.ActiveCfg = Debug|x86
		{457510CF-B0BD-4F99-9E9C-C5651455747B}.Debug|Mixed Platforms.ActiveCfg = Debug|x86
		{457510CF-B0BD-4F99-9E9C-C5651455747B}.Debug|Mixed Platforms.Build.0 = Debug|x86
		{457510CF-B0BD-4F99-9E9C-C5651455747B}.Debug|x86.ActiveCfg = Debug|x86
		{457510CF-B0BD-4F99-9E9C-C5651455747B}.Debug|x86.Build.0 = Debug|x86
		{457510CF-B0BD-4F99-9E9C-C5651455747B}.Release|Any CPU.ActiveCfg = Release|x86
		{457510CF-B0BD-4F99-9E9C-C5651455747B}.Release|Mixed Platforms.ActiveCfg = Release|x86
		{457510CF-B0BD-4F99-9E9C-C5651455747B}.Release|Mixed Platforms.Build.0 = Release|x86
		{457510CF-B0BD-4F99-9E9C-C5651455747B}.Release|x86.ActiveCfg = Release|x86
		{457510CF-B0BD-4F99-9E9C-C5651455747B}.Release|x86.Build.0 = Release|x86
		{16947D86-96E6-4D0B-8F9D-7311A1D6705D}.Debug|Any CPU.ActiveCfg = Debug|x86
		{16947D86-96E6-4D0B-8F9D-7311A1D6705D}.Debug|Mixed Platforms.ActiveCfg = Debug|x86
		{16947D86-96E6-4D0B-8F9D-7311A1D6705D}.Debug|Mixed Platforms.Build.0 = Debug|x86
		{16947D86-96E6-4D0B-8F9D-7311A1D6705D}.Debug|x86.ActiveCfg = Debug|x86
		{16947D86-96E6-4D0B-8F9D-7311A1D6705D}.Debug|x86.Build.0 = Debug|x86
		{16947D86-96E6-4D0B-8F9D-7311A1D6705D}.Release|Any CPU.ActiveCfg = Release|x86
		{16947D86-96E6-4D0B-8F9D-7311A1D6705D}.Release|Mixed Platforms.ActiveCfg = Release|x86
		{16947D86-96E6-4D0B-8F9D-7311A1D6705D}.Release|Mixed Platforms.Build.0 = Release|x86
		{16947D86-96E6-4D0B-8F9D-7311A1D6705D}.Release|x86.ActiveCfg = Release|x86
		{16947D86-96E6-4D0B-8F9D-7311A1D6705D}.Release|x86.Build.0 = Release|x86
		{C1DA9356-136F-4C0E-8380-5E6B22ED6244}.Debug|Any CPU.ActiveCfg = Debug|x86
		{C1DA9356-136F-4C0E-8380-5E6B22ED6244}.Debug|Mixed Platforms.ActiveCfg = Debug|x86
		{C1DA9356-136F-4C0E-8380-5E6B22ED6244}.Debug|Mixed Platforms.Build.0 = Debug|x86
		{C1DA9356-136F-4C0E-8380-5E6B22ED6244}.Debug|x86.ActiveCfg = Debug|x86
		{C1DA9356-136F-4C0E-8380-5E6B22ED6244}.Debug|x86.Build.0 = Debug|x86
		{C1DA9356-136F-4C0E-8380-5E6B22ED6244}.Release|Any CPU.ActiveCfg = Release|x86
		{C1DA9356-136F-4C0E-8380-5E6B22ED6244}.Release|Mixed Platforms.ActiveCfg = Release|x86
		{C1DA9356-136F-4C0E-8380-5E6B22ED6244}.Release|Mixed Platforms.Build.0 = Release|x86
		{C1DA9356-136F-4C0E-8380-5E6B22ED6244}.Release|x86.ActiveCfg = Release|x86
		{C1DA9356-136F-4C0E-8380-5E6B22ED6244}.Release|x86.Build.0 = Release|x86
	EndGlobalSection
	GlobalSection(SolutionProperties) = preSolution
		HideSolutionNode = FALSE
	EndGlobalSection
EndGlobal
